{
  "version": 4,
  "terraform_version": "1.7.5",
  "serial": 272,
  "lineage": "d576ac2d-0bfa-4a30-a447-b17102945206",
  "outputs": {},
  "resources": [
    {
      "module": "module.base[0]",
      "mode": "managed",
      "type": "google_compute_firewall",
      "name": "fw-iap",
      "provider": "provider[\"registry.terraform.io/hashicorp/google\"].google101",
      "instances": [
        {
          "schema_version": 1,
          "attributes": {
            "allow": [
              {
                "ports": [],
                "protocol": "tcp"
              }
            ],
            "creation_timestamp": "2024-04-01T07:29:23.538-07:00",
            "deny": [],
            "description": "",
            "destination_ranges": [],
            "direction": "INGRESS",
            "disabled": false,
            "enable_logging": null,
            "id": "projects/alfred-rc1-a2df/global/firewalls/t-expressl7-ilb-fw-allow-iap-hc",
            "log_config": [],
            "name": "t-expressl7-ilb-fw-allow-iap-hc",
            "network": "https://www.googleapis.com/compute/v1/projects/alfred-rc1-a2df/global/networks/t-expressl7-ilb-network",
            "priority": 1000,
            "project": "alfred-rc1-a2df",
            "self_link": "https://www.googleapis.com/compute/v1/projects/alfred-rc1-a2df/global/firewalls/t-expressl7-ilb-fw-allow-iap-hc",
            "source_ranges": [
              "130.211.0.0/22",
              "35.191.0.0/16",
              "35.235.240.0/20"
            ],
            "source_service_accounts": null,
            "source_tags": null,
            "target_service_accounts": null,
            "target_tags": null,
            "timeouts": null
          },
          "sensitive_attributes": [],
          "private": "eyJlMmJmYjczMC1lY2FhLTExZTYtOGY4OC0zNDM2M2JjN2M0YzAiOnsiY3JlYXRlIjoxMjAwMDAwMDAwMDAwLCJkZWxldGUiOjEyMDAwMDAwMDAwMDAsInVwZGF0ZSI6MTIwMDAwMDAwMDAwMH0sInNjaGVtYV92ZXJzaW9uIjoiMSJ9",
          "dependencies": [
            "module.base.google_compute_network.ilb_network"
          ]
        }
      ]
    },
    {
      "module": "module.base[0]",
      "mode": "managed",
      "type": "google_compute_firewall",
      "name": "fw-ilb-to-backends",
      "provider": "provider[\"registry.terraform.io/hashicorp/google\"].google101",
      "instances": [
        {
          "schema_version": 1,
          "attributes": {
            "allow": [
              {
                "ports": [
                  "80",
                  "443",
                  "8081",
                  "9090"
                ],
                "protocol": "tcp"
              }
            ],
            "creation_timestamp": "2024-04-01T07:29:23.512-07:00",
            "deny": [],
            "description": "",
            "destination_ranges": [],
            "direction": "INGRESS",
            "disabled": false,
            "enable_logging": null,
            "id": "projects/alfred-rc1-a2df/global/firewalls/t-expressl7-ilb-fw-allow-ilb-to-backends",
            "log_config": [],
            "name": "t-expressl7-ilb-fw-allow-ilb-to-backends",
            "network": "https://www.googleapis.com/compute/v1/projects/alfred-rc1-a2df/global/networks/t-expressl7-ilb-network",
            "priority": 1000,
            "project": "alfred-rc1-a2df",
            "self_link": "https://www.googleapis.com/compute/v1/projects/alfred-rc1-a2df/global/firewalls/t-expressl7-ilb-fw-allow-ilb-to-backends",
            "source_ranges": [
              "10.0.0.0/24"
            ],
            "source_service_accounts": null,
            "source_tags": null,
            "target_service_accounts": null,
            "target_tags": [
              "http-server"
            ],
            "timeouts": null
          },
          "sensitive_attributes": [],
          "private": "eyJlMmJmYjczMC1lY2FhLTExZTYtOGY4OC0zNDM2M2JjN2M0YzAiOnsiY3JlYXRlIjoxMjAwMDAwMDAwMDAwLCJkZWxldGUiOjEyMDAwMDAwMDAwMDAsInVwZGF0ZSI6MTIwMDAwMDAwMDAwMH0sInNjaGVtYV92ZXJzaW9uIjoiMSJ9",
          "dependencies": [
            "module.base.google_compute_network.ilb_network"
          ]
        }
      ]
    },
    {
      "module": "module.base[0]",
      "mode": "managed",
      "type": "google_compute_forwarding_rule",
      "name": "google_compute_forwarding_rule",
      "provider": "provider[\"registry.terraform.io/hashicorp/google\"].google101",
      "instances": [
        {
          "schema_version": 0,
          "attributes": {
            "all_ports": false,
            "allow_global_access": false,
            "allow_psc_global_access": false,
            "backend_service": "",
            "base_forwarding_rule": "",
            "creation_timestamp": "2024-04-01T07:33:05.885-07:00",
            "description": "",
            "effective_labels": {},
            "id": "projects/alfred-rc1-a2df/regions/us-central1/forwardingRules/t-expressl7-ilb-forwarding-rule",
            "ip_address": "10.0.1.5",
            "ip_protocol": "TCP",
            "ip_version": "",
            "is_mirroring_collector": false,
            "label_fingerprint": "42WmSpB8rSM=",
            "labels": null,
            "load_balancing_scheme": "INTERNAL_MANAGED",
            "name": "t-expressl7-ilb-forwarding-rule",
            "network": "https://www.googleapis.com/compute/v1/projects/alfred-rc1-a2df/global/networks/t-expressl7-ilb-network",
            "network_tier": "PREMIUM",
            "no_automate_dns_zone": null,
            "port_range": "80-80",
            "ports": null,
            "project": "alfred-rc1-a2df",
            "psc_connection_id": "",
            "psc_connection_status": "",
            "recreate_closed_psc": false,
            "region": "us-central1",
            "self_link": "https://www.googleapis.com/compute/v1/projects/alfred-rc1-a2df/regions/us-central1/forwardingRules/t-expressl7-ilb-forwarding-rule",
            "service_directory_registrations": [],
            "service_label": "",
            "service_name": "",
            "source_ip_ranges": null,
            "subnetwork": "https://www.googleapis.com/compute/v1/projects/alfred-rc1-a2df/regions/us-central1/subnetworks/t-expressl7-ilb-subnet",
            "target": "https://www.googleapis.com/compute/v1/projects/alfred-rc1-a2df/regions/us-central1/targetHttpProxies/t-expressl7-ilb-target-http-proxy",
            "terraform_labels": {},
            "timeouts": null
          },
          "sensitive_attributes": [],
          "private": "eyJlMmJmYjczMC1lY2FhLTExZTYtOGY4OC0zNDM2M2JjN2M0YzAiOnsiY3JlYXRlIjoxMjAwMDAwMDAwMDAwLCJkZWxldGUiOjEyMDAwMDAwMDAwMDAsInVwZGF0ZSI6MTIwMDAwMDAwMDAwMH19",
          "dependencies": [
            "module.base.google_compute_instance_template.instance_template",
            "module.base.google_compute_network.ilb_network",
            "module.base.google_compute_region_backend_service.default",
            "module.base.google_compute_region_health_check.default",
            "module.base.google_compute_region_instance_group_manager.mig",
            "module.base.google_compute_region_target_http_proxy.default",
            "module.base.google_compute_region_url_map.default",
            "module.base.google_compute_subnetwork.ilb_subnet",
            "module.base.google_compute_subnetwork.proxy_subnet"
          ]
        }
      ]
    },
    {
      "module": "module.base[0]",
      "mode": "managed",
      "type": "google_compute_instance",
      "name": "vm-test",
      "provider": "provider[\"registry.terraform.io/hashicorp/google\"].google101",
      "instances": [
        {
          "schema_version": 6,
          "attributes": {
            "advanced_machine_features": [],
            "allow_stopping_for_update": null,
            "attached_disk": [],
            "boot_disk": [
              {
                "auto_delete": true,
                "device_name": "persistent-disk-0",
                "disk_encryption_key_raw": "",
                "disk_encryption_key_sha256": "",
                "initialize_params": [
                  {
                    "enable_confidential_compute": false,
                    "image": "https://www.googleapis.com/compute/v1/projects/debian-cloud/global/images/debian-10-buster-v20240312",
                    "labels": {},
                    "provisioned_iops": 0,
                    "provisioned_throughput": 0,
                    "resource_manager_tags": null,
                    "size": 10,
                    "type": "pd-standard"
                  }
                ],
                "kms_key_self_link": "",
                "mode": "READ_WRITE",
                "source": "https://www.googleapis.com/compute/v1/projects/alfred-rc1-a2df/zones/us-central1-c/disks/t-expressl7-ilb-test-vm"
              }
            ],
            "can_ip_forward": false,
            "confidential_instance_config": [],
            "cpu_platform": "Intel Broadwell",
            "current_status": "RUNNING",
            "deletion_protection": false,
            "description": "",
            "desired_status": null,
            "effective_labels": {},
            "enable_display": false,
            "guest_accelerator": [],
            "hostname": "",
            "id": "projects/alfred-rc1-a2df/zones/us-central1-c/instances/t-expressl7-ilb-test-vm",
            "instance_id": "8573885324515047993",
            "label_fingerprint": "42WmSpB8rSM=",
            "labels": null,
            "machine_type": "e2-small",
            "metadata": null,
            "metadata_fingerprint": "qZuD4I4G5wo=",
            "metadata_startup_script": null,
            "min_cpu_platform": "",
            "name": "t-expressl7-ilb-test-vm",
            "network_interface": [
              {
                "access_config": [],
                "alias_ip_range": [],
                "internal_ipv6_prefix_length": 0,
                "ipv6_access_config": [],
                "ipv6_access_type": "",
                "ipv6_address": "",
                "name": "nic0",
                "network": "https://www.googleapis.com/compute/v1/projects/alfred-rc1-a2df/global/networks/t-expressl7-ilb-network",
                "network_ip": "10.0.1.2",
                "nic_type": "",
                "queue_count": 0,
                "stack_type": "IPV4_ONLY",
                "subnetwork": "https://www.googleapis.com/compute/v1/projects/alfred-rc1-a2df/regions/us-central1/subnetworks/t-expressl7-ilb-subnet",
                "subnetwork_project": "alfred-rc1-a2df"
              }
            ],
            "network_performance_config": [],
            "params": [],
            "project": "alfred-rc1-a2df",
            "reservation_affinity": [],
            "resource_policies": null,
            "scheduling": [
              {
                "automatic_restart": true,
                "instance_termination_action": "",
                "local_ssd_recovery_timeout": [],
                "min_node_cpus": 0,
                "node_affinities": [],
                "on_host_maintenance": "MIGRATE",
                "preemptible": false,
                "provisioning_model": "STANDARD"
              }
            ],
            "scratch_disk": [],
            "self_link": "https://www.googleapis.com/compute/v1/projects/alfred-rc1-a2df/zones/us-central1-c/instances/t-expressl7-ilb-test-vm",
            "service_account": [],
            "shielded_instance_config": [
              {
                "enable_integrity_monitoring": true,
                "enable_secure_boot": false,
                "enable_vtpm": true
              }
            ],
            "tags": null,
            "tags_fingerprint": "42WmSpB8rSM=",
            "terraform_labels": {},
            "timeouts": null,
            "zone": "us-central1-c"
          },
          "sensitive_attributes": [],
          "private": "eyJlMmJmYjczMC1lY2FhLTExZTYtOGY4OC0zNDM2M2JjN2M0YzAiOnsiY3JlYXRlIjoxMjAwMDAwMDAwMDAwLCJkZWxldGUiOjEyMDAwMDAwMDAwMDAsInVwZGF0ZSI6MTIwMDAwMDAwMDAwMH0sInNjaGVtYV92ZXJzaW9uIjoiNiJ9",
          "dependencies": [
            "module.base.google_compute_network.ilb_network",
            "module.base.google_compute_subnetwork.ilb_subnet"
          ]
        }
      ]
    },
    {
      "module": "module.base[0]",
      "mode": "managed",
      "type": "google_compute_instance_template",
      "name": "instance_template",
      "provider": "provider[\"registry.terraform.io/hashicorp/google\"].google101",
      "instances": [
        {
          "schema_version": 1,
          "attributes": {
            "advanced_machine_features": [],
            "can_ip_forward": false,
            "confidential_instance_config": null,
            "description": "",
            "disk": [
              {
                "auto_delete": true,
                "boot": true,
                "device_name": "persistent-disk-0",
                "disk_encryption_key": [],
                "disk_name": "",
                "disk_size_gb": 0,
                "disk_type": "pd-standard",
                "interface": "SCSI",
                "labels": null,
                "mode": "READ_WRITE",
                "provisioned_iops": 0,
                "resource_manager_tags": null,
                "resource_policies": null,
                "source": "",
                "source_image": "projects/debian-cloud/global/images/family/debian-10",
                "source_image_encryption_key": [],
                "source_snapshot": "",
                "source_snapshot_encryption_key": [],
                "type": "PERSISTENT"
              }
            ],
            "effective_labels": {},
            "guest_accelerator": [],
            "id": "projects/alfred-rc1-a2df/global/instanceTemplates/t-expressl7-ilb-mig-template",
            "instance_description": "",
            "labels": null,
            "machine_type": "e2-small",
            "metadata": null,
            "metadata_fingerprint": "qZuD4I4G5wo=",
            "metadata_startup_script": null,
            "min_cpu_platform": "",
            "name": "t-expressl7-ilb-mig-template",
            "name_prefix": null,
            "network_interface": [
              {
                "access_config": [
                  {
                    "nat_ip": "",
                    "network_tier": "PREMIUM",
                    "public_ptr_domain_name": ""
                  }
                ],
                "alias_ip_range": [],
                "internal_ipv6_prefix_length": 0,
                "ipv6_access_config": [],
                "ipv6_access_type": "",
                "ipv6_address": "",
                "name": "nic0",
                "network": "https://www.googleapis.com/compute/v1/projects/alfred-rc1-a2df/global/networks/t-expressl7-ilb-network",
                "network_ip": "",
                "nic_type": "",
                "queue_count": 0,
                "stack_type": "",
                "subnetwork": "https://www.googleapis.com/compute/v1/projects/alfred-rc1-a2df/regions/us-central1/subnetworks/t-expressl7-ilb-subnet",
                "subnetwork_project": "alfred-rc1-a2df"
              }
            ],
            "network_performance_config": [],
            "project": "alfred-rc1-a2df",
            "region": "us-central1",
            "reservation_affinity": [],
            "resource_manager_tags": null,
            "resource_policies": null,
            "scheduling": [
              {
                "automatic_restart": true,
                "instance_termination_action": "",
                "local_ssd_recovery_timeout": [],
                "min_node_cpus": 0,
                "node_affinities": [],
                "on_host_maintenance": "MIGRATE",
                "preemptible": false,
                "provisioning_model": "STANDARD"
              }
            ],
            "self_link": "https://www.googleapis.com/compute/v1/projects/alfred-rc1-a2df/global/instanceTemplates/t-expressl7-ilb-mig-template",
            "self_link_unique": "https://www.googleapis.com/compute/v1/projects/alfred-rc1-a2df/global/instanceTemplates/t-expressl7-ilb-mig-template?uniqueId=8574693770504141371",
            "service_account": [],
            "shielded_instance_config": [],
            "tags": [
              "http-server"
            ],
            "tags_fingerprint": "",
            "terraform_labels": {},
            "timeouts": null
          },
          "sensitive_attributes": [],
          "private": "eyJlMmJmYjczMC1lY2FhLTExZTYtOGY4OC0zNDM2M2JjN2M0YzAiOnsiY3JlYXRlIjoyNDAwMDAwMDAwMDAsImRlbGV0ZSI6MjQwMDAwMDAwMDAwfSwic2NoZW1hX3ZlcnNpb24iOiIxIn0=",
          "dependencies": [
            "module.base.google_compute_network.ilb_network",
            "module.base.google_compute_subnetwork.ilb_subnet"
          ]
        }
      ]
    },
    {
      "module": "module.base[0]",
      "mode": "managed",
      "type": "google_compute_network",
      "name": "ilb_network",
      "provider": "provider[\"registry.terraform.io/hashicorp/google\"].google101",
      "instances": [
        {
          "schema_version": 0,
          "attributes": {
            "auto_create_subnetworks": false,
            "delete_default_routes_on_create": false,
            "description": "",
            "enable_ula_internal_ipv6": false,
            "gateway_ipv4": "",
            "id": "projects/alfred-rc1-a2df/global/networks/t-expressl7-ilb-network",
            "internal_ipv6_range": "",
            "mtu": 0,
            "name": "t-expressl7-ilb-network",
            "network_firewall_policy_enforcement_order": "AFTER_CLASSIC_FIREWALL",
            "numeric_id": "841767950496528963",
            "project": "alfred-rc1-a2df",
            "routing_mode": "REGIONAL",
            "self_link": "https://www.googleapis.com/compute/v1/projects/alfred-rc1-a2df/global/networks/t-expressl7-ilb-network",
            "timeouts": null
          },
          "sensitive_attributes": [],
          "private": "eyJlMmJmYjczMC1lY2FhLTExZTYtOGY4OC0zNDM2M2JjN2M0YzAiOnsiY3JlYXRlIjoxMjAwMDAwMDAwMDAwLCJkZWxldGUiOjEyMDAwMDAwMDAwMDAsInVwZGF0ZSI6MTIwMDAwMDAwMDAwMH19"
        }
      ]
    },
    {
      "module": "module.base[0]",
      "mode": "managed",
      "type": "google_compute_region_backend_service",
      "name": "default",
      "provider": "provider[\"registry.terraform.io/hashicorp/google\"].google101",
      "instances": [
        {
          "schema_version": 1,
          "attributes": {
            "affinity_cookie_ttl_sec": 0,
            "backend": [
              {
                "balancing_mode": "UTILIZATION",
                "capacity_scaler": 1,
                "description": "",
                "failover": false,
                "group": "https://www.googleapis.com/compute/v1/projects/alfred-rc1-a2df/regions/us-central1/instanceGroups/t-expressl7-ilb-mig1",
                "max_connections": 0,
                "max_connections_per_endpoint": 0,
                "max_connections_per_instance": 0,
                "max_rate": 0,
                "max_rate_per_endpoint": 0,
                "max_rate_per_instance": 0,
                "max_utilization": 0
              }
            ],
            "cdn_policy": [],
            "circuit_breakers": [],
            "connection_draining_timeout_sec": 0,
            "consistent_hash": [],
            "creation_timestamp": "2024-04-01T07:30:23.911-07:00",
            "description": "",
            "enable_cdn": false,
            "failover_policy": [],
            "fingerprint": "CLLTvmL1B2U=",
            "health_checks": [
              "projects/alfred-rc1-a2df/regions/us-central1/healthChecks/t-expressl7-ilb-hc"
            ],
            "iap": [],
            "id": "projects/alfred-rc1-a2df/regions/us-central1/backendServices/t-expressl7-ilb-backend-subnet",
            "load_balancing_scheme": "INTERNAL_MANAGED",
            "locality_lb_policy": "",
            "log_config": [],
            "name": "t-expressl7-ilb-backend-subnet",
            "network": "",
            "outlier_detection": [],
            "port_name": "http",
            "project": "alfred-rc1-a2df",
            "protocol": "HTTP",
            "region": "us-central1",
            "self_link": "https://www.googleapis.com/compute/v1/projects/alfred-rc1-a2df/regions/us-central1/backendServices/t-expressl7-ilb-backend-subnet",
            "session_affinity": "NONE",
            "timeout_sec": 10,
            "timeouts": null
          },
          "sensitive_attributes": [],
          "private": "eyJlMmJmYjczMC1lY2FhLTExZTYtOGY4OC0zNDM2M2JjN2M0YzAiOnsiY3JlYXRlIjoxMjAwMDAwMDAwMDAwLCJkZWxldGUiOjEyMDAwMDAwMDAwMDAsInVwZGF0ZSI6MTIwMDAwMDAwMDAwMH0sInNjaGVtYV92ZXJzaW9uIjoiMSJ9",
          "dependencies": [
            "module.base.google_compute_instance_template.instance_template",
            "module.base.google_compute_network.ilb_network",
            "module.base.google_compute_region_health_check.default",
            "module.base.google_compute_region_instance_group_manager.mig",
            "module.base.google_compute_subnetwork.ilb_subnet"
          ]
        }
      ]
    },
    {
      "module": "module.base[0]",
      "mode": "managed",
      "type": "google_compute_region_health_check",
      "name": "default",
      "provider": "provider[\"registry.terraform.io/hashicorp/google\"].google101",
      "instances": [
        {
          "schema_version": 0,
          "attributes": {
            "check_interval_sec": 5,
            "creation_timestamp": "2024-04-01T07:29:01.467-07:00",
            "description": "",
            "grpc_health_check": [],
            "healthy_threshold": 2,
            "http2_health_check": [],
            "http_health_check": [
              {
                "host": "",
                "port": 0,
                "port_name": "",
                "port_specification": "USE_SERVING_PORT",
                "proxy_header": "NONE",
                "request_path": "/",
                "response": ""
              }
            ],
            "https_health_check": [],
            "id": "projects/alfred-rc1-a2df/regions/us-central1/healthChecks/t-expressl7-ilb-hc",
            "log_config": [
              {
                "enable": false
              }
            ],
            "name": "t-expressl7-ilb-hc",
            "project": "alfred-rc1-a2df",
            "region": "us-central1",
            "self_link": "https://www.googleapis.com/compute/v1/projects/alfred-rc1-a2df/regions/us-central1/healthChecks/t-expressl7-ilb-hc",
            "ssl_health_check": [],
            "tcp_health_check": [],
            "timeout_sec": 5,
            "timeouts": null,
            "type": "HTTP",
            "unhealthy_threshold": 2
          },
          "sensitive_attributes": [],
          "private": "eyJlMmJmYjczMC1lY2FhLTExZTYtOGY4OC0zNDM2M2JjN2M0YzAiOnsiY3JlYXRlIjoxMjAwMDAwMDAwMDAwLCJkZWxldGUiOjEyMDAwMDAwMDAwMDAsInVwZGF0ZSI6MTIwMDAwMDAwMDAwMH19"
        }
      ]
    },
    {
      "module": "module.base[0]",
      "mode": "managed",
      "type": "google_compute_region_instance_group_manager",
      "name": "mig",
      "provider": "provider[\"registry.terraform.io/hashicorp/google\"].google101",
      "instances": [
        {
          "schema_version": 0,
          "attributes": {
            "all_instances_config": [],
            "auto_healing_policies": [],
            "base_instance_name": "vm",
            "creation_timestamp": "2024-04-01T07:29:56.131-07:00",
            "description": "",
            "distribution_policy_target_shape": "EVEN",
            "distribution_policy_zones": [
              "us-central1-b",
              "us-central1-c",
              "us-central1-f"
            ],
            "fingerprint": "SwIT5X5Z4H4=",
            "id": "projects/alfred-rc1-a2df/regions/us-central1/instanceGroupManagers/t-expressl7-ilb-mig1",
            "instance_group": "https://www.googleapis.com/compute/v1/projects/alfred-rc1-a2df/regions/us-central1/instanceGroups/t-expressl7-ilb-mig1",
            "instance_lifecycle_policy": [
              {
                "default_action_on_failure": "REPAIR",
                "force_update_on_repair": "NO"
              }
            ],
            "list_managed_instances_results": "PAGELESS",
            "name": "t-expressl7-ilb-mig1",
            "named_port": [],
            "project": "alfred-rc1-a2df",
            "region": "us-central1",
            "self_link": "https://www.googleapis.com/compute/v1/projects/alfred-rc1-a2df/regions/us-central1/instanceGroupManagers/t-expressl7-ilb-mig1",
            "stateful_disk": [],
            "stateful_external_ip": [],
            "stateful_internal_ip": [],
            "status": [
              {
                "all_instances_config": [
                  {
                    "current_revision": "",
                    "effective": true
                  }
                ],
                "is_stable": false,
                "stateful": [
                  {
                    "has_stateful_config": false,
                    "per_instance_configs": [
                      {
                        "all_effective": true
                      }
                    ]
                  }
                ],
                "version_target": [
                  {
                    "is_reached": true
                  }
                ]
              }
            ],
            "target_pools": null,
            "target_size": 2,
            "timeouts": null,
            "update_policy": [
              {
                "instance_redistribution_type": "PROACTIVE",
                "max_surge_fixed": 3,
                "max_surge_percent": 0,
                "max_unavailable_fixed": 3,
                "max_unavailable_percent": 0,
                "minimal_action": "REPLACE",
                "most_disruptive_allowed_action": "",
                "replacement_method": "SUBSTITUTE",
                "type": "OPPORTUNISTIC"
              }
            ],
            "version": [
              {
                "instance_template": "https://www.googleapis.com/compute/v1/projects/alfred-rc1-a2df/global/instanceTemplates/t-expressl7-ilb-mig-template",
                "name": "primary",
                "target_size": []
              }
            ],
            "wait_for_instances": false,
            "wait_for_instances_status": "STABLE"
          },
          "sensitive_attributes": [],
          "private": "eyJlMmJmYjczMC1lY2FhLTExZTYtOGY4OC0zNDM2M2JjN2M0YzAiOnsiY3JlYXRlIjo5MDAwMDAwMDAwMDAsImRlbGV0ZSI6OTAwMDAwMDAwMDAwLCJ1cGRhdGUiOjkwMDAwMDAwMDAwMH19",
          "dependencies": [
            "module.base.google_compute_instance_template.instance_template",
            "module.base.google_compute_network.ilb_network",
            "module.base.google_compute_subnetwork.ilb_subnet"
          ]
        }
      ]
    },
    {
      "module": "module.base[0]",
      "mode": "managed",
      "type": "google_compute_region_target_http_proxy",
      "name": "default",
      "provider": "provider[\"registry.terraform.io/hashicorp/google\"].google101",
      "instances": [
        {
          "schema_version": 0,
          "attributes": {
            "creation_timestamp": "2024-04-01T07:32:53.809-07:00",
            "description": "",
            "id": "projects/alfred-rc1-a2df/regions/us-central1/targetHttpProxies/t-expressl7-ilb-target-http-proxy",
            "name": "t-expressl7-ilb-target-http-proxy",
            "project": "alfred-rc1-a2df",
            "proxy_id": 1520309866288610170,
            "region": "us-central1",
            "self_link": "https://www.googleapis.com/compute/v1/projects/alfred-rc1-a2df/regions/us-central1/targetHttpProxies/t-expressl7-ilb-target-http-proxy",
            "timeouts": null,
            "url_map": "https://www.googleapis.com/compute/v1/projects/alfred-rc1-a2df/regions/us-central1/urlMaps/t-expressl7-ilb-regional-url-map"
          },
          "sensitive_attributes": [],
          "private": "eyJlMmJmYjczMC1lY2FhLTExZTYtOGY4OC0zNDM2M2JjN2M0YzAiOnsiY3JlYXRlIjoxMjAwMDAwMDAwMDAwLCJkZWxldGUiOjEyMDAwMDAwMDAwMDAsInVwZGF0ZSI6MTIwMDAwMDAwMDAwMH19",
          "dependencies": [
            "module.base.google_compute_instance_template.instance_template",
            "module.base.google_compute_network.ilb_network",
            "module.base.google_compute_region_backend_service.default",
            "module.base.google_compute_region_health_check.default",
            "module.base.google_compute_region_instance_group_manager.mig",
            "module.base.google_compute_region_url_map.default",
            "module.base.google_compute_subnetwork.ilb_subnet"
          ]
        }
      ]
    },
    {
      "module": "module.base[0]",
      "mode": "managed",
      "type": "google_compute_region_url_map",
      "name": "default",
      "provider": "provider[\"registry.terraform.io/hashicorp/google\"].google101",
      "instances": [
        {
          "schema_version": 0,
          "attributes": {
            "creation_timestamp": "2024-04-01T07:32:39.640-07:00",
            "default_route_action": [],
            "default_service": "https://www.googleapis.com/compute/v1/projects/alfred-rc1-a2df/regions/us-central1/backendServices/t-expressl7-ilb-backend-subnet",
            "default_url_redirect": [],
            "description": "",
            "fingerprint": "8g7CUpbiXd8=",
            "host_rule": [],
            "id": "projects/alfred-rc1-a2df/regions/us-central1/urlMaps/t-expressl7-ilb-regional-url-map",
            "map_id": 296257484147358568,
            "name": "t-expressl7-ilb-regional-url-map",
            "path_matcher": [],
            "project": "alfred-rc1-a2df",
            "region": "us-central1",
            "self_link": "https://www.googleapis.com/compute/v1/projects/alfred-rc1-a2df/regions/us-central1/urlMaps/t-expressl7-ilb-regional-url-map",
            "test": [],
            "timeouts": null
          },
          "sensitive_attributes": [],
          "private": "eyJlMmJmYjczMC1lY2FhLTExZTYtOGY4OC0zNDM2M2JjN2M0YzAiOnsiY3JlYXRlIjoxMjAwMDAwMDAwMDAwLCJkZWxldGUiOjEyMDAwMDAwMDAwMDAsInVwZGF0ZSI6MTIwMDAwMDAwMDAwMH19",
          "dependencies": [
            "module.base.google_compute_instance_template.instance_template",
            "module.base.google_compute_network.ilb_network",
            "module.base.google_compute_region_backend_service.default",
            "module.base.google_compute_region_health_check.default",
            "module.base.google_compute_region_instance_group_manager.mig",
            "module.base.google_compute_subnetwork.ilb_subnet"
          ]
        }
      ]
    },
    {
      "module": "module.base[0]",
      "mode": "managed",
      "type": "google_compute_subnetwork",
      "name": "ilb_subnet",
      "provider": "provider[\"registry.terraform.io/hashicorp/google\"].google101",
      "instances": [
        {
          "schema_version": 0,
          "attributes": {
            "creation_timestamp": "2024-04-01T07:29:23.877-07:00",
            "description": "",
            "external_ipv6_prefix": "",
            "fingerprint": null,
            "gateway_address": "10.0.1.1",
            "id": "projects/alfred-rc1-a2df/regions/us-central1/subnetworks/t-expressl7-ilb-subnet",
            "internal_ipv6_prefix": "",
            "ip_cidr_range": "10.0.1.0/24",
            "ipv6_access_type": "",
            "ipv6_cidr_range": "",
            "log_config": [],
            "name": "t-expressl7-ilb-subnet",
            "network": "https://www.googleapis.com/compute/v1/projects/alfred-rc1-a2df/global/networks/t-expressl7-ilb-network",
            "private_ip_google_access": false,
            "private_ipv6_google_access": "DISABLE_GOOGLE_ACCESS",
            "project": "alfred-rc1-a2df",
            "purpose": "PRIVATE",
            "region": "us-central1",
            "role": "",
            "secondary_ip_range": [],
            "self_link": "https://www.googleapis.com/compute/v1/projects/alfred-rc1-a2df/regions/us-central1/subnetworks/t-expressl7-ilb-subnet",
            "stack_type": "IPV4_ONLY",
            "timeouts": null
          },
          "sensitive_attributes": [],
          "private": "eyJlMmJmYjczMC1lY2FhLTExZTYtOGY4OC0zNDM2M2JjN2M0YzAiOnsiY3JlYXRlIjoxMjAwMDAwMDAwMDAwLCJkZWxldGUiOjEyMDAwMDAwMDAwMDAsInVwZGF0ZSI6MTIwMDAwMDAwMDAwMH19",
          "dependencies": [
            "module.base.google_compute_network.ilb_network"
          ]
        }
      ]
    },
    {
      "module": "module.base[0]",
      "mode": "managed",
      "type": "google_compute_subnetwork",
      "name": "proxy_subnet",
      "provider": "provider[\"registry.terraform.io/hashicorp/google\"].google101",
      "instances": [
        {
          "schema_version": 0,
          "attributes": {
            "creation_timestamp": "2024-04-01T07:29:24.796-07:00",
            "description": "",
            "external_ipv6_prefix": "",
            "fingerprint": null,
            "gateway_address": "10.0.0.1",
            "id": "projects/alfred-rc1-a2df/regions/us-central1/subnetworks/t-expressl7-ilb-proxy-subnet",
            "internal_ipv6_prefix": "",
            "ip_cidr_range": "10.0.0.0/24",
            "ipv6_access_type": "",
            "ipv6_cidr_range": "",
            "log_config": [],
            "name": "t-expressl7-ilb-proxy-subnet",
            "network": "https://www.googleapis.com/compute/v1/projects/alfred-rc1-a2df/global/networks/t-expressl7-ilb-network",
            "private_ip_google_access": false,
            "private_ipv6_google_access": "DISABLE_GOOGLE_ACCESS",
            "project": "alfred-rc1-a2df",
            "purpose": "REGIONAL_MANAGED_PROXY",
            "region": "us-central1",
            "role": "ACTIVE",
            "secondary_ip_range": [],
            "self_link": "https://www.googleapis.com/compute/v1/projects/alfred-rc1-a2df/regions/us-central1/subnetworks/t-expressl7-ilb-proxy-subnet",
            "stack_type": "",
            "timeouts": null
          },
          "sensitive_attributes": [],
          "private": "eyJlMmJmYjczMC1lY2FhLTExZTYtOGY4OC0zNDM2M2JjN2M0YzAiOnsiY3JlYXRlIjoxMjAwMDAwMDAwMDAwLCJkZWxldGUiOjEyMDAwMDAwMDAwMDAsInVwZGF0ZSI6MTIwMDAwMDAwMDAwMH19",
          "dependencies": [
            "module.base.google_compute_network.ilb_network"
          ]
        }
      ]
    },
    {
      "module": "module.base[1]",
      "mode": "managed",
      "type": "google_compute_firewall",
      "name": "fw-iap",
      "provider": "provider[\"registry.terraform.io/hashicorp/google\"].google101",
      "instances": [
        {
          "schema_version": 1,
          "attributes": {
            "allow": [
              {
                "ports": [],
                "protocol": "tcp"
              }
            ],
            "creation_timestamp": "2024-04-01T07:29:23.437-07:00",
            "deny": [],
            "description": "",
            "destination_ranges": [],
            "direction": "INGRESS",
            "disabled": false,
            "enable_logging": null,
            "id": "projects/alfred-rc1-a2df/global/firewalls/t-mongodbl7-ilb-fw-allow-iap-hc",
            "log_config": [],
            "name": "t-mongodbl7-ilb-fw-allow-iap-hc",
            "network": "https://www.googleapis.com/compute/v1/projects/alfred-rc1-a2df/global/networks/t-mongodbl7-ilb-network",
            "priority": 1000,
            "project": "alfred-rc1-a2df",
            "self_link": "https://www.googleapis.com/compute/v1/projects/alfred-rc1-a2df/global/firewalls/t-mongodbl7-ilb-fw-allow-iap-hc",
            "source_ranges": [
              "130.211.0.0/22",
              "35.191.0.0/16",
              "35.235.240.0/20"
            ],
            "source_service_accounts": null,
            "source_tags": null,
            "target_service_accounts": null,
            "target_tags": null,
            "timeouts": null
          },
          "sensitive_attributes": [],
          "private": "eyJlMmJmYjczMC1lY2FhLTExZTYtOGY4OC0zNDM2M2JjN2M0YzAiOnsiY3JlYXRlIjoxMjAwMDAwMDAwMDAwLCJkZWxldGUiOjEyMDAwMDAwMDAwMDAsInVwZGF0ZSI6MTIwMDAwMDAwMDAwMH0sInNjaGVtYV92ZXJzaW9uIjoiMSJ9",
          "dependencies": [
            "module.base.google_compute_network.ilb_network"
          ]
        }
      ]
    },
    {
      "module": "module.base[1]",
      "mode": "managed",
      "type": "google_compute_firewall",
      "name": "fw-ilb-to-backends",
      "provider": "provider[\"registry.terraform.io/hashicorp/google\"].google101",
      "instances": [
        {
          "schema_version": 1,
          "attributes": {
            "allow": [
              {
                "ports": [
                  "80",
                  "443",
                  "8081",
                  "9090"
                ],
                "protocol": "tcp"
              }
            ],
            "creation_timestamp": "2024-04-01T07:29:23.443-07:00",
            "deny": [],
            "description": "",
            "destination_ranges": [],
            "direction": "INGRESS",
            "disabled": false,
            "enable_logging": null,
            "id": "projects/alfred-rc1-a2df/global/firewalls/t-mongodbl7-ilb-fw-allow-ilb-to-backends",
            "log_config": [],
            "name": "t-mongodbl7-ilb-fw-allow-ilb-to-backends",
            "network": "https://www.googleapis.com/compute/v1/projects/alfred-rc1-a2df/global/networks/t-mongodbl7-ilb-network",
            "priority": 1000,
            "project": "alfred-rc1-a2df",
            "self_link": "https://www.googleapis.com/compute/v1/projects/alfred-rc1-a2df/global/firewalls/t-mongodbl7-ilb-fw-allow-ilb-to-backends",
            "source_ranges": [
              "10.0.0.0/24"
            ],
            "source_service_accounts": null,
            "source_tags": null,
            "target_service_accounts": null,
            "target_tags": [
              "http-server"
            ],
            "timeouts": null
          },
          "sensitive_attributes": [],
          "private": "eyJlMmJmYjczMC1lY2FhLTExZTYtOGY4OC0zNDM2M2JjN2M0YzAiOnsiY3JlYXRlIjoxMjAwMDAwMDAwMDAwLCJkZWxldGUiOjEyMDAwMDAwMDAwMDAsInVwZGF0ZSI6MTIwMDAwMDAwMDAwMH0sInNjaGVtYV92ZXJzaW9uIjoiMSJ9",
          "dependencies": [
            "module.base.google_compute_network.ilb_network"
          ]
        }
      ]
    },
    {
      "module": "module.base[1]",
      "mode": "managed",
      "type": "google_compute_forwarding_rule",
      "name": "google_compute_forwarding_rule",
      "provider": "provider[\"registry.terraform.io/hashicorp/google\"].google101",
      "instances": [
        {
          "schema_version": 0,
          "attributes": {
            "all_ports": false,
            "allow_global_access": false,
            "allow_psc_global_access": false,
            "backend_service": "",
            "base_forwarding_rule": "",
            "creation_timestamp": "2024-04-01T07:33:05.777-07:00",
            "description": "",
            "effective_labels": {},
            "id": "projects/alfred-rc1-a2df/regions/us-central1/forwardingRules/t-mongodbl7-ilb-forwarding-rule",
            "ip_address": "10.0.1.5",
            "ip_protocol": "TCP",
            "ip_version": "",
            "is_mirroring_collector": false,
            "label_fingerprint": "42WmSpB8rSM=",
            "labels": null,
            "load_balancing_scheme": "INTERNAL_MANAGED",
            "name": "t-mongodbl7-ilb-forwarding-rule",
            "network": "https://www.googleapis.com/compute/v1/projects/alfred-rc1-a2df/global/networks/t-mongodbl7-ilb-network",
            "network_tier": "PREMIUM",
            "no_automate_dns_zone": null,
            "port_range": "80-80",
            "ports": null,
            "project": "alfred-rc1-a2df",
            "psc_connection_id": "",
            "psc_connection_status": "",
            "recreate_closed_psc": false,
            "region": "us-central1",
            "self_link": "https://www.googleapis.com/compute/v1/projects/alfred-rc1-a2df/regions/us-central1/forwardingRules/t-mongodbl7-ilb-forwarding-rule",
            "service_directory_registrations": [],
            "service_label": "",
            "service_name": "",
            "source_ip_ranges": null,
            "subnetwork": "https://www.googleapis.com/compute/v1/projects/alfred-rc1-a2df/regions/us-central1/subnetworks/t-mongodbl7-ilb-subnet",
            "target": "https://www.googleapis.com/compute/v1/projects/alfred-rc1-a2df/regions/us-central1/targetHttpProxies/t-mongodbl7-ilb-target-http-proxy",
            "terraform_labels": {},
            "timeouts": null
          },
          "sensitive_attributes": [],
          "private": "eyJlMmJmYjczMC1lY2FhLTExZTYtOGY4OC0zNDM2M2JjN2M0YzAiOnsiY3JlYXRlIjoxMjAwMDAwMDAwMDAwLCJkZWxldGUiOjEyMDAwMDAwMDAwMDAsInVwZGF0ZSI6MTIwMDAwMDAwMDAwMH19",
          "dependencies": [
            "module.base.google_compute_instance_template.instance_template",
            "module.base.google_compute_network.ilb_network",
            "module.base.google_compute_region_backend_service.default",
            "module.base.google_compute_region_health_check.default",
            "module.base.google_compute_region_instance_group_manager.mig",
            "module.base.google_compute_region_target_http_proxy.default",
            "module.base.google_compute_region_url_map.default",
            "module.base.google_compute_subnetwork.ilb_subnet",
            "module.base.google_compute_subnetwork.proxy_subnet"
          ]
        }
      ]
    },
    {
      "module": "module.base[1]",
      "mode": "managed",
      "type": "google_compute_instance",
      "name": "vm-test",
      "provider": "provider[\"registry.terraform.io/hashicorp/google\"].google101",
      "instances": [
        {
          "schema_version": 6,
          "attributes": {
            "advanced_machine_features": [],
            "allow_stopping_for_update": null,
            "attached_disk": [],
            "boot_disk": [
              {
                "auto_delete": true,
                "device_name": "persistent-disk-0",
                "disk_encryption_key_raw": "",
                "disk_encryption_key_sha256": "",
                "initialize_params": [
                  {
                    "enable_confidential_compute": false,
                    "image": "https://www.googleapis.com/compute/v1/projects/debian-cloud/global/images/debian-10-buster-v20240312",
                    "labels": {},
                    "provisioned_iops": 0,
                    "provisioned_throughput": 0,
                    "resource_manager_tags": null,
                    "size": 10,
                    "type": "pd-standard"
                  }
                ],
                "kms_key_self_link": "",
                "mode": "READ_WRITE",
                "source": "https://www.googleapis.com/compute/v1/projects/alfred-rc1-a2df/zones/us-central1-c/disks/t-mongodbl7-ilb-test-vm"
              }
            ],
            "can_ip_forward": false,
            "confidential_instance_config": [],
            "cpu_platform": "Intel Broadwell",
            "current_status": "RUNNING",
            "deletion_protection": false,
            "description": "",
            "desired_status": null,
            "effective_labels": {},
            "enable_display": false,
            "guest_accelerator": [],
            "hostname": "",
            "id": "projects/alfred-rc1-a2df/zones/us-central1-c/instances/t-mongodbl7-ilb-test-vm",
            "instance_id": "1032101122730850872",
            "label_fingerprint": "42WmSpB8rSM=",
            "labels": null,
            "machine_type": "e2-small",
            "metadata": null,
            "metadata_fingerprint": "qZuD4I4G5wo=",
            "metadata_startup_script": null,
            "min_cpu_platform": "",
            "name": "t-mongodbl7-ilb-test-vm",
            "network_interface": [
              {
                "access_config": [],
                "alias_ip_range": [],
                "internal_ipv6_prefix_length": 0,
                "ipv6_access_config": [],
                "ipv6_access_type": "",
                "ipv6_address": "",
                "name": "nic0",
                "network": "https://www.googleapis.com/compute/v1/projects/alfred-rc1-a2df/global/networks/t-mongodbl7-ilb-network",
                "network_ip": "10.0.1.2",
                "nic_type": "",
                "queue_count": 0,
                "stack_type": "IPV4_ONLY",
                "subnetwork": "https://www.googleapis.com/compute/v1/projects/alfred-rc1-a2df/regions/us-central1/subnetworks/t-mongodbl7-ilb-subnet",
                "subnetwork_project": "alfred-rc1-a2df"
              }
            ],
            "network_performance_config": [],
            "params": [],
            "project": "alfred-rc1-a2df",
            "reservation_affinity": [],
            "resource_policies": null,
            "scheduling": [
              {
                "automatic_restart": true,
                "instance_termination_action": "",
                "local_ssd_recovery_timeout": [],
                "min_node_cpus": 0,
                "node_affinities": [],
                "on_host_maintenance": "MIGRATE",
                "preemptible": false,
                "provisioning_model": "STANDARD"
              }
            ],
            "scratch_disk": [],
            "self_link": "https://www.googleapis.com/compute/v1/projects/alfred-rc1-a2df/zones/us-central1-c/instances/t-mongodbl7-ilb-test-vm",
            "service_account": [],
            "shielded_instance_config": [
              {
                "enable_integrity_monitoring": true,
                "enable_secure_boot": false,
                "enable_vtpm": true
              }
            ],
            "tags": null,
            "tags_fingerprint": "42WmSpB8rSM=",
            "terraform_labels": {},
            "timeouts": null,
            "zone": "us-central1-c"
          },
          "sensitive_attributes": [],
          "private": "eyJlMmJmYjczMC1lY2FhLTExZTYtOGY4OC0zNDM2M2JjN2M0YzAiOnsiY3JlYXRlIjoxMjAwMDAwMDAwMDAwLCJkZWxldGUiOjEyMDAwMDAwMDAwMDAsInVwZGF0ZSI6MTIwMDAwMDAwMDAwMH0sInNjaGVtYV92ZXJzaW9uIjoiNiJ9",
          "dependencies": [
            "module.base.google_compute_network.ilb_network",
            "module.base.google_compute_subnetwork.ilb_subnet"
          ]
        }
      ]
    },
    {
      "module": "module.base[1]",
      "mode": "managed",
      "type": "google_compute_instance_template",
      "name": "instance_template",
      "provider": "provider[\"registry.terraform.io/hashicorp/google\"].google101",
      "instances": [
        {
          "schema_version": 1,
          "attributes": {
            "advanced_machine_features": [],
            "can_ip_forward": false,
            "confidential_instance_config": null,
            "description": "",
            "disk": [
              {
                "auto_delete": true,
                "boot": true,
                "device_name": "persistent-disk-0",
                "disk_encryption_key": [],
                "disk_name": "",
                "disk_size_gb": 0,
                "disk_type": "pd-standard",
                "interface": "SCSI",
                "labels": null,
                "mode": "READ_WRITE",
                "provisioned_iops": 0,
                "resource_manager_tags": null,
                "resource_policies": null,
                "source": "",
                "source_image": "projects/debian-cloud/global/images/family/debian-10",
                "source_image_encryption_key": [],
                "source_snapshot": "",
                "source_snapshot_encryption_key": [],
                "type": "PERSISTENT"
              }
            ],
            "effective_labels": {},
            "guest_accelerator": [],
            "id": "projects/alfred-rc1-a2df/global/instanceTemplates/t-mongodbl7-ilb-mig-template",
            "instance_description": "",
            "labels": null,
            "machine_type": "e2-small",
            "metadata": null,
            "metadata_fingerprint": "qZuD4I4G5wo=",
            "metadata_startup_script": null,
            "min_cpu_platform": "",
            "name": "t-mongodbl7-ilb-mig-template",
            "name_prefix": null,
            "network_interface": [
              {
                "access_config": [
                  {
                    "nat_ip": "",
                    "network_tier": "PREMIUM",
                    "public_ptr_domain_name": ""
                  }
                ],
                "alias_ip_range": [],
                "internal_ipv6_prefix_length": 0,
                "ipv6_access_config": [],
                "ipv6_access_type": "",
                "ipv6_address": "",
                "name": "nic0",
                "network": "https://www.googleapis.com/compute/v1/projects/alfred-rc1-a2df/global/networks/t-mongodbl7-ilb-network",
                "network_ip": "",
                "nic_type": "",
                "queue_count": 0,
                "stack_type": "",
                "subnetwork": "https://www.googleapis.com/compute/v1/projects/alfred-rc1-a2df/regions/us-central1/subnetworks/t-mongodbl7-ilb-subnet",
                "subnetwork_project": "alfred-rc1-a2df"
              }
            ],
            "network_performance_config": [],
            "project": "alfred-rc1-a2df",
            "region": "us-central1",
            "reservation_affinity": [],
            "resource_manager_tags": null,
            "resource_policies": null,
            "scheduling": [
              {
                "automatic_restart": true,
                "instance_termination_action": "",
                "local_ssd_recovery_timeout": [],
                "min_node_cpus": 0,
                "node_affinities": [],
                "on_host_maintenance": "MIGRATE",
                "preemptible": false,
                "provisioning_model": "STANDARD"
              }
            ],
            "self_link": "https://www.googleapis.com/compute/v1/projects/alfred-rc1-a2df/global/instanceTemplates/t-mongodbl7-ilb-mig-template",
            "self_link_unique": "https://www.googleapis.com/compute/v1/projects/alfred-rc1-a2df/global/instanceTemplates/t-mongodbl7-ilb-mig-template?uniqueId=1203364099005053499",
            "service_account": [],
            "shielded_instance_config": [],
            "tags": [
              "http-server"
            ],
            "tags_fingerprint": "",
            "terraform_labels": {},
            "timeouts": null
          },
          "sensitive_attributes": [],
          "private": "eyJlMmJmYjczMC1lY2FhLTExZTYtOGY4OC0zNDM2M2JjN2M0YzAiOnsiY3JlYXRlIjoyNDAwMDAwMDAwMDAsImRlbGV0ZSI6MjQwMDAwMDAwMDAwfSwic2NoZW1hX3ZlcnNpb24iOiIxIn0=",
          "dependencies": [
            "module.base.google_compute_network.ilb_network",
            "module.base.google_compute_subnetwork.ilb_subnet"
          ]
        }
      ]
    },
    {
      "module": "module.base[1]",
      "mode": "managed",
      "type": "google_compute_network",
      "name": "ilb_network",
      "provider": "provider[\"registry.terraform.io/hashicorp/google\"].google101",
      "instances": [
        {
          "schema_version": 0,
          "attributes": {
            "auto_create_subnetworks": false,
            "delete_default_routes_on_create": false,
            "description": "",
            "enable_ula_internal_ipv6": false,
            "gateway_ipv4": "",
            "id": "projects/alfred-rc1-a2df/global/networks/t-mongodbl7-ilb-network",
            "internal_ipv6_range": "",
            "mtu": 0,
            "name": "t-mongodbl7-ilb-network",
            "network_firewall_policy_enforcement_order": "AFTER_CLASSIC_FIREWALL",
            "numeric_id": "4662373417371531843",
            "project": "alfred-rc1-a2df",
            "routing_mode": "REGIONAL",
            "self_link": "https://www.googleapis.com/compute/v1/projects/alfred-rc1-a2df/global/networks/t-mongodbl7-ilb-network",
            "timeouts": null
          },
          "sensitive_attributes": [],
          "private": "eyJlMmJmYjczMC1lY2FhLTExZTYtOGY4OC0zNDM2M2JjN2M0YzAiOnsiY3JlYXRlIjoxMjAwMDAwMDAwMDAwLCJkZWxldGUiOjEyMDAwMDAwMDAwMDAsInVwZGF0ZSI6MTIwMDAwMDAwMDAwMH19"
        }
      ]
    },
    {
      "module": "module.base[1]",
      "mode": "managed",
      "type": "google_compute_region_backend_service",
      "name": "default",
      "provider": "provider[\"registry.terraform.io/hashicorp/google\"].google101",
      "instances": [
        {
          "schema_version": 1,
          "attributes": {
            "affinity_cookie_ttl_sec": 0,
            "backend": [
              {
                "balancing_mode": "UTILIZATION",
                "capacity_scaler": 1,
                "description": "",
                "failover": false,
                "group": "https://www.googleapis.com/compute/v1/projects/alfred-rc1-a2df/regions/us-central1/instanceGroups/t-mongodbl7-ilb-mig1",
                "max_connections": 0,
                "max_connections_per_endpoint": 0,
                "max_connections_per_instance": 0,
                "max_rate": 0,
                "max_rate_per_endpoint": 0,
                "max_rate_per_instance": 0,
                "max_utilization": 0
              }
            ],
            "cdn_policy": [],
            "circuit_breakers": [],
            "connection_draining_timeout_sec": 0,
            "consistent_hash": [],
            "creation_timestamp": "2024-04-01T07:30:24.024-07:00",
            "description": "",
            "enable_cdn": false,
            "failover_policy": [],
            "fingerprint": "JVUeQJmf1B4=",
            "health_checks": [
              "projects/alfred-rc1-a2df/regions/us-central1/healthChecks/t-mongodbl7-ilb-hc"
            ],
            "iap": [],
            "id": "projects/alfred-rc1-a2df/regions/us-central1/backendServices/t-mongodbl7-ilb-backend-subnet",
            "load_balancing_scheme": "INTERNAL_MANAGED",
            "locality_lb_policy": "",
            "log_config": [],
            "name": "t-mongodbl7-ilb-backend-subnet",
            "network": "",
            "outlier_detection": [],
            "port_name": "http",
            "project": "alfred-rc1-a2df",
            "protocol": "HTTP",
            "region": "us-central1",
            "self_link": "https://www.googleapis.com/compute/v1/projects/alfred-rc1-a2df/regions/us-central1/backendServices/t-mongodbl7-ilb-backend-subnet",
            "session_affinity": "NONE",
            "timeout_sec": 10,
            "timeouts": null
          },
          "sensitive_attributes": [],
          "private": "eyJlMmJmYjczMC1lY2FhLTExZTYtOGY4OC0zNDM2M2JjN2M0YzAiOnsiY3JlYXRlIjoxMjAwMDAwMDAwMDAwLCJkZWxldGUiOjEyMDAwMDAwMDAwMDAsInVwZGF0ZSI6MTIwMDAwMDAwMDAwMH0sInNjaGVtYV92ZXJzaW9uIjoiMSJ9",
          "dependencies": [
            "module.base.google_compute_instance_template.instance_template",
            "module.base.google_compute_network.ilb_network",
            "module.base.google_compute_region_health_check.default",
            "module.base.google_compute_region_instance_group_manager.mig",
            "module.base.google_compute_subnetwork.ilb_subnet"
          ]
        }
      ]
    },
    {
      "module": "module.base[1]",
      "mode": "managed",
      "type": "google_compute_region_health_check",
      "name": "default",
      "provider": "provider[\"registry.terraform.io/hashicorp/google\"].google101",
      "instances": [
        {
          "schema_version": 0,
          "attributes": {
            "check_interval_sec": 5,
            "creation_timestamp": "2024-04-01T07:29:01.469-07:00",
            "description": "",
            "grpc_health_check": [],
            "healthy_threshold": 2,
            "http2_health_check": [],
            "http_health_check": [
              {
                "host": "",
                "port": 0,
                "port_name": "",
                "port_specification": "USE_SERVING_PORT",
                "proxy_header": "NONE",
                "request_path": "/",
                "response": ""
              }
            ],
            "https_health_check": [],
            "id": "projects/alfred-rc1-a2df/regions/us-central1/healthChecks/t-mongodbl7-ilb-hc",
            "log_config": [
              {
                "enable": false
              }
            ],
            "name": "t-mongodbl7-ilb-hc",
            "project": "alfred-rc1-a2df",
            "region": "us-central1",
            "self_link": "https://www.googleapis.com/compute/v1/projects/alfred-rc1-a2df/regions/us-central1/healthChecks/t-mongodbl7-ilb-hc",
            "ssl_health_check": [],
            "tcp_health_check": [],
            "timeout_sec": 5,
            "timeouts": null,
            "type": "HTTP",
            "unhealthy_threshold": 2
          },
          "sensitive_attributes": [],
          "private": "eyJlMmJmYjczMC1lY2FhLTExZTYtOGY4OC0zNDM2M2JjN2M0YzAiOnsiY3JlYXRlIjoxMjAwMDAwMDAwMDAwLCJkZWxldGUiOjEyMDAwMDAwMDAwMDAsInVwZGF0ZSI6MTIwMDAwMDAwMDAwMH19"
        }
      ]
    },
    {
      "module": "module.base[1]",
      "mode": "managed",
      "type": "google_compute_region_instance_group_manager",
      "name": "mig",
      "provider": "provider[\"registry.terraform.io/hashicorp/google\"].google101",
      "instances": [
        {
          "schema_version": 0,
          "attributes": {
            "all_instances_config": [],
            "auto_healing_policies": [],
            "base_instance_name": "vm",
            "creation_timestamp": "2024-04-01T07:29:55.308-07:00",
            "description": "",
            "distribution_policy_target_shape": "EVEN",
            "distribution_policy_zones": [
              "us-central1-b",
              "us-central1-c",
              "us-central1-f"
            ],
            "fingerprint": "cEINyLgG_YA=",
            "id": "projects/alfred-rc1-a2df/regions/us-central1/instanceGroupManagers/t-mongodbl7-ilb-mig1",
            "instance_group": "https://www.googleapis.com/compute/v1/projects/alfred-rc1-a2df/regions/us-central1/instanceGroups/t-mongodbl7-ilb-mig1",
            "instance_lifecycle_policy": [
              {
                "default_action_on_failure": "REPAIR",
                "force_update_on_repair": "NO"
              }
            ],
            "list_managed_instances_results": "PAGELESS",
            "name": "t-mongodbl7-ilb-mig1",
            "named_port": [],
            "project": "alfred-rc1-a2df",
            "region": "us-central1",
            "self_link": "https://www.googleapis.com/compute/v1/projects/alfred-rc1-a2df/regions/us-central1/instanceGroupManagers/t-mongodbl7-ilb-mig1",
            "stateful_disk": [],
            "stateful_external_ip": [],
            "stateful_internal_ip": [],
            "status": [
              {
                "all_instances_config": [
                  {
                    "current_revision": "",
                    "effective": true
                  }
                ],
                "is_stable": false,
                "stateful": [
                  {
                    "has_stateful_config": false,
                    "per_instance_configs": [
                      {
                        "all_effective": true
                      }
                    ]
                  }
                ],
                "version_target": [
                  {
                    "is_reached": true
                  }
                ]
              }
            ],
            "target_pools": null,
            "target_size": 2,
            "timeouts": null,
            "update_policy": [
              {
                "instance_redistribution_type": "PROACTIVE",
                "max_surge_fixed": 3,
                "max_surge_percent": 0,
                "max_unavailable_fixed": 3,
                "max_unavailable_percent": 0,
                "minimal_action": "REPLACE",
                "most_disruptive_allowed_action": "",
                "replacement_method": "SUBSTITUTE",
                "type": "OPPORTUNISTIC"
              }
            ],
            "version": [
              {
                "instance_template": "https://www.googleapis.com/compute/v1/projects/alfred-rc1-a2df/global/instanceTemplates/t-mongodbl7-ilb-mig-template",
                "name": "primary",
                "target_size": []
              }
            ],
            "wait_for_instances": false,
            "wait_for_instances_status": "STABLE"
          },
          "sensitive_attributes": [],
          "private": "eyJlMmJmYjczMC1lY2FhLTExZTYtOGY4OC0zNDM2M2JjN2M0YzAiOnsiY3JlYXRlIjo5MDAwMDAwMDAwMDAsImRlbGV0ZSI6OTAwMDAwMDAwMDAwLCJ1cGRhdGUiOjkwMDAwMDAwMDAwMH19",
          "dependencies": [
            "module.base.google_compute_instance_template.instance_template",
            "module.base.google_compute_network.ilb_network",
            "module.base.google_compute_subnetwork.ilb_subnet"
          ]
        }
      ]
    },
    {
      "module": "module.base[1]",
      "mode": "managed",
      "type": "google_compute_region_target_http_proxy",
      "name": "default",
      "provider": "provider[\"registry.terraform.io/hashicorp/google\"].google101",
      "instances": [
        {
          "schema_version": 0,
          "attributes": {
            "creation_timestamp": "2024-04-01T07:32:53.802-07:00",
            "description": "",
            "id": "projects/alfred-rc1-a2df/regions/us-central1/targetHttpProxies/t-mongodbl7-ilb-target-http-proxy",
            "name": "t-mongodbl7-ilb-target-http-proxy",
            "project": "alfred-rc1-a2df",
            "proxy_id": 3143714234666810234,
            "region": "us-central1",
            "self_link": "https://www.googleapis.com/compute/v1/projects/alfred-rc1-a2df/regions/us-central1/targetHttpProxies/t-mongodbl7-ilb-target-http-proxy",
            "timeouts": null,
            "url_map": "https://www.googleapis.com/compute/v1/projects/alfred-rc1-a2df/regions/us-central1/urlMaps/t-mongodbl7-ilb-regional-url-map"
          },
          "sensitive_attributes": [],
          "private": "eyJlMmJmYjczMC1lY2FhLTExZTYtOGY4OC0zNDM2M2JjN2M0YzAiOnsiY3JlYXRlIjoxMjAwMDAwMDAwMDAwLCJkZWxldGUiOjEyMDAwMDAwMDAwMDAsInVwZGF0ZSI6MTIwMDAwMDAwMDAwMH19",
          "dependencies": [
            "module.base.google_compute_instance_template.instance_template",
            "module.base.google_compute_network.ilb_network",
            "module.base.google_compute_region_backend_service.default",
            "module.base.google_compute_region_health_check.default",
            "module.base.google_compute_region_instance_group_manager.mig",
            "module.base.google_compute_region_url_map.default",
            "module.base.google_compute_subnetwork.ilb_subnet"
          ]
        }
      ]
    },
    {
      "module": "module.base[1]",
      "mode": "managed",
      "type": "google_compute_region_url_map",
      "name": "default",
      "provider": "provider[\"registry.terraform.io/hashicorp/google\"].google101",
      "instances": [
        {
          "schema_version": 0,
          "attributes": {
            "creation_timestamp": "2024-04-01T07:32:39.741-07:00",
            "default_route_action": [],
            "default_service": "https://www.googleapis.com/compute/v1/projects/alfred-rc1-a2df/regions/us-central1/backendServices/t-mongodbl7-ilb-backend-subnet",
            "default_url_redirect": [],
            "description": "",
            "fingerprint": "QXIllM9io8o=",
            "host_rule": [],
            "id": "projects/alfred-rc1-a2df/regions/us-central1/urlMaps/t-mongodbl7-ilb-regional-url-map",
            "map_id": 8555200889632553832,
            "name": "t-mongodbl7-ilb-regional-url-map",
            "path_matcher": [],
            "project": "alfred-rc1-a2df",
            "region": "us-central1",
            "self_link": "https://www.googleapis.com/compute/v1/projects/alfred-rc1-a2df/regions/us-central1/urlMaps/t-mongodbl7-ilb-regional-url-map",
            "test": [],
            "timeouts": null
          },
          "sensitive_attributes": [],
          "private": "eyJlMmJmYjczMC1lY2FhLTExZTYtOGY4OC0zNDM2M2JjN2M0YzAiOnsiY3JlYXRlIjoxMjAwMDAwMDAwMDAwLCJkZWxldGUiOjEyMDAwMDAwMDAwMDAsInVwZGF0ZSI6MTIwMDAwMDAwMDAwMH19",
          "dependencies": [
            "module.base.google_compute_instance_template.instance_template",
            "module.base.google_compute_network.ilb_network",
            "module.base.google_compute_region_backend_service.default",
            "module.base.google_compute_region_health_check.default",
            "module.base.google_compute_region_instance_group_manager.mig",
            "module.base.google_compute_subnetwork.ilb_subnet"
          ]
        }
      ]
    },
    {
      "module": "module.base[1]",
      "mode": "managed",
      "type": "google_compute_subnetwork",
      "name": "ilb_subnet",
      "provider": "provider[\"registry.terraform.io/hashicorp/google\"].google101",
      "instances": [
        {
          "schema_version": 0,
          "attributes": {
            "creation_timestamp": "2024-04-01T07:29:24.506-07:00",
            "description": "",
            "external_ipv6_prefix": "",
            "fingerprint": null,
            "gateway_address": "10.0.1.1",
            "id": "projects/alfred-rc1-a2df/regions/us-central1/subnetworks/t-mongodbl7-ilb-subnet",
            "internal_ipv6_prefix": "",
            "ip_cidr_range": "10.0.1.0/24",
            "ipv6_access_type": "",
            "ipv6_cidr_range": "",
            "log_config": [],
            "name": "t-mongodbl7-ilb-subnet",
            "network": "https://www.googleapis.com/compute/v1/projects/alfred-rc1-a2df/global/networks/t-mongodbl7-ilb-network",
            "private_ip_google_access": false,
            "private_ipv6_google_access": "DISABLE_GOOGLE_ACCESS",
            "project": "alfred-rc1-a2df",
            "purpose": "PRIVATE",
            "region": "us-central1",
            "role": "",
            "secondary_ip_range": [],
            "self_link": "https://www.googleapis.com/compute/v1/projects/alfred-rc1-a2df/regions/us-central1/subnetworks/t-mongodbl7-ilb-subnet",
            "stack_type": "IPV4_ONLY",
            "timeouts": null
          },
          "sensitive_attributes": [],
          "private": "eyJlMmJmYjczMC1lY2FhLTExZTYtOGY4OC0zNDM2M2JjN2M0YzAiOnsiY3JlYXRlIjoxMjAwMDAwMDAwMDAwLCJkZWxldGUiOjEyMDAwMDAwMDAwMDAsInVwZGF0ZSI6MTIwMDAwMDAwMDAwMH19",
          "dependencies": [
            "module.base.google_compute_network.ilb_network"
          ]
        }
      ]
    },
    {
      "module": "module.base[1]",
      "mode": "managed",
      "type": "google_compute_subnetwork",
      "name": "proxy_subnet",
      "provider": "provider[\"registry.terraform.io/hashicorp/google\"].google101",
      "instances": [
        {
          "schema_version": 0,
          "attributes": {
            "creation_timestamp": "2024-04-01T07:29:24.615-07:00",
            "description": "",
            "external_ipv6_prefix": "",
            "fingerprint": null,
            "gateway_address": "10.0.0.1",
            "id": "projects/alfred-rc1-a2df/regions/us-central1/subnetworks/t-mongodbl7-ilb-proxy-subnet",
            "internal_ipv6_prefix": "",
            "ip_cidr_range": "10.0.0.0/24",
            "ipv6_access_type": "",
            "ipv6_cidr_range": "",
            "log_config": [],
            "name": "t-mongodbl7-ilb-proxy-subnet",
            "network": "https://www.googleapis.com/compute/v1/projects/alfred-rc1-a2df/global/networks/t-mongodbl7-ilb-network",
            "private_ip_google_access": false,
            "private_ipv6_google_access": "DISABLE_GOOGLE_ACCESS",
            "project": "alfred-rc1-a2df",
            "purpose": "REGIONAL_MANAGED_PROXY",
            "region": "us-central1",
            "role": "ACTIVE",
            "secondary_ip_range": [],
            "self_link": "https://www.googleapis.com/compute/v1/projects/alfred-rc1-a2df/regions/us-central1/subnetworks/t-mongodbl7-ilb-proxy-subnet",
            "stack_type": "",
            "timeouts": null
          },
          "sensitive_attributes": [],
          "private": "eyJlMmJmYjczMC1lY2FhLTExZTYtOGY4OC0zNDM2M2JjN2M0YzAiOnsiY3JlYXRlIjoxMjAwMDAwMDAwMDAwLCJkZWxldGUiOjEyMDAwMDAwMDAwMDAsInVwZGF0ZSI6MTIwMDAwMDAwMDAwMH19",
          "dependencies": [
            "module.base.google_compute_network.ilb_network"
          ]
        }
      ]
    },
    {
      "module": "module.base[2]",
      "mode": "managed",
      "type": "google_compute_firewall",
      "name": "fw-iap",
      "provider": "provider[\"registry.terraform.io/hashicorp/google\"].google101",
      "instances": [
        {
          "schema_version": 1,
          "attributes": {
            "allow": [
              {
                "ports": [],
                "protocol": "tcp"
              }
            ],
            "creation_timestamp": "2024-04-01T07:29:35.988-07:00",
            "deny": [],
            "description": "",
            "destination_ranges": [],
            "direction": "INGRESS",
            "disabled": false,
            "enable_logging": null,
            "id": "projects/alfred-rc1-a2df/global/firewalls/t-prometheusl7-ilb-fw-allow-iap-hc",
            "log_config": [],
            "name": "t-prometheusl7-ilb-fw-allow-iap-hc",
            "network": "https://www.googleapis.com/compute/v1/projects/alfred-rc1-a2df/global/networks/t-prometheusl7-ilb-network",
            "priority": 1000,
            "project": "alfred-rc1-a2df",
            "self_link": "https://www.googleapis.com/compute/v1/projects/alfred-rc1-a2df/global/firewalls/t-prometheusl7-ilb-fw-allow-iap-hc",
            "source_ranges": [
              "130.211.0.0/22",
              "35.191.0.0/16",
              "35.235.240.0/20"
            ],
            "source_service_accounts": null,
            "source_tags": null,
            "target_service_accounts": null,
            "target_tags": null,
            "timeouts": null
          },
          "sensitive_attributes": [],
          "private": "eyJlMmJmYjczMC1lY2FhLTExZTYtOGY4OC0zNDM2M2JjN2M0YzAiOnsiY3JlYXRlIjoxMjAwMDAwMDAwMDAwLCJkZWxldGUiOjEyMDAwMDAwMDAwMDAsInVwZGF0ZSI6MTIwMDAwMDAwMDAwMH0sInNjaGVtYV92ZXJzaW9uIjoiMSJ9",
          "dependencies": [
            "module.base.google_compute_network.ilb_network"
          ]
        }
      ]
    },
    {
      "module": "module.base[2]",
      "mode": "managed",
      "type": "google_compute_firewall",
      "name": "fw-ilb-to-backends",
      "provider": "provider[\"registry.terraform.io/hashicorp/google\"].google101",
      "instances": [
        {
          "schema_version": 1,
          "attributes": {
            "allow": [
              {
                "ports": [
                  "80",
                  "443",
                  "8081",
                  "9090"
                ],
                "protocol": "tcp"
              }
            ],
            "creation_timestamp": "2024-04-01T07:29:35.859-07:00",
            "deny": [],
            "description": "",
            "destination_ranges": [],
            "direction": "INGRESS",
            "disabled": false,
            "enable_logging": null,
            "id": "projects/alfred-rc1-a2df/global/firewalls/t-prometheusl7-ilb-fw-allow-ilb-to-backends",
            "log_config": [],
            "name": "t-prometheusl7-ilb-fw-allow-ilb-to-backends",
            "network": "https://www.googleapis.com/compute/v1/projects/alfred-rc1-a2df/global/networks/t-prometheusl7-ilb-network",
            "priority": 1000,
            "project": "alfred-rc1-a2df",
            "self_link": "https://www.googleapis.com/compute/v1/projects/alfred-rc1-a2df/global/firewalls/t-prometheusl7-ilb-fw-allow-ilb-to-backends",
            "source_ranges": [
              "10.0.0.0/24"
            ],
            "source_service_accounts": null,
            "source_tags": null,
            "target_service_accounts": null,
            "target_tags": [
              "http-server"
            ],
            "timeouts": null
          },
          "sensitive_attributes": [],
          "private": "eyJlMmJmYjczMC1lY2FhLTExZTYtOGY4OC0zNDM2M2JjN2M0YzAiOnsiY3JlYXRlIjoxMjAwMDAwMDAwMDAwLCJkZWxldGUiOjEyMDAwMDAwMDAwMDAsInVwZGF0ZSI6MTIwMDAwMDAwMDAwMH0sInNjaGVtYV92ZXJzaW9uIjoiMSJ9",
          "dependencies": [
            "module.base.google_compute_network.ilb_network"
          ]
        }
      ]
    },
    {
      "module": "module.base[2]",
      "mode": "managed",
      "type": "google_compute_forwarding_rule",
      "name": "google_compute_forwarding_rule",
      "provider": "provider[\"registry.terraform.io/hashicorp/google\"].google101",
      "instances": [
        {
          "schema_version": 0,
          "attributes": {
            "all_ports": false,
            "allow_global_access": false,
            "allow_psc_global_access": false,
            "backend_service": "",
            "base_forwarding_rule": "",
            "creation_timestamp": "2024-04-01T07:33:06.999-07:00",
            "description": "",
            "effective_labels": {},
            "id": "projects/alfred-rc1-a2df/regions/us-central1/forwardingRules/t-prometheusl7-ilb-forwarding-rule",
            "ip_address": "10.0.1.5",
            "ip_protocol": "TCP",
            "ip_version": "",
            "is_mirroring_collector": false,
            "label_fingerprint": "42WmSpB8rSM=",
            "labels": null,
            "load_balancing_scheme": "INTERNAL_MANAGED",
            "name": "t-prometheusl7-ilb-forwarding-rule",
            "network": "https://www.googleapis.com/compute/v1/projects/alfred-rc1-a2df/global/networks/t-prometheusl7-ilb-network",
            "network_tier": "PREMIUM",
            "no_automate_dns_zone": null,
            "port_range": "80-80",
            "ports": null,
            "project": "alfred-rc1-a2df",
            "psc_connection_id": "",
            "psc_connection_status": "",
            "recreate_closed_psc": false,
            "region": "us-central1",
            "self_link": "https://www.googleapis.com/compute/v1/projects/alfred-rc1-a2df/regions/us-central1/forwardingRules/t-prometheusl7-ilb-forwarding-rule",
            "service_directory_registrations": [],
            "service_label": "",
            "service_name": "",
            "source_ip_ranges": null,
            "subnetwork": "https://www.googleapis.com/compute/v1/projects/alfred-rc1-a2df/regions/us-central1/subnetworks/t-prometheusl7-ilb-subnet",
            "target": "https://www.googleapis.com/compute/v1/projects/alfred-rc1-a2df/regions/us-central1/targetHttpProxies/t-prometheusl7-ilb-target-http-proxy",
            "terraform_labels": {},
            "timeouts": null
          },
          "sensitive_attributes": [],
          "private": "eyJlMmJmYjczMC1lY2FhLTExZTYtOGY4OC0zNDM2M2JjN2M0YzAiOnsiY3JlYXRlIjoxMjAwMDAwMDAwMDAwLCJkZWxldGUiOjEyMDAwMDAwMDAwMDAsInVwZGF0ZSI6MTIwMDAwMDAwMDAwMH19",
          "dependencies": [
            "module.base.google_compute_instance_template.instance_template",
            "module.base.google_compute_network.ilb_network",
            "module.base.google_compute_region_backend_service.default",
            "module.base.google_compute_region_health_check.default",
            "module.base.google_compute_region_instance_group_manager.mig",
            "module.base.google_compute_region_target_http_proxy.default",
            "module.base.google_compute_region_url_map.default",
            "module.base.google_compute_subnetwork.ilb_subnet",
            "module.base.google_compute_subnetwork.proxy_subnet"
          ]
        }
      ]
    },
    {
      "module": "module.base[2]",
      "mode": "managed",
      "type": "google_compute_instance",
      "name": "vm-test",
      "provider": "provider[\"registry.terraform.io/hashicorp/google\"].google101",
      "instances": [
        {
          "schema_version": 6,
          "attributes": {
            "advanced_machine_features": [],
            "allow_stopping_for_update": null,
            "attached_disk": [],
            "boot_disk": [
              {
                "auto_delete": true,
                "device_name": "persistent-disk-0",
                "disk_encryption_key_raw": "",
                "disk_encryption_key_sha256": "",
                "initialize_params": [
                  {
                    "enable_confidential_compute": false,
                    "image": "https://www.googleapis.com/compute/v1/projects/debian-cloud/global/images/debian-10-buster-v20240312",
                    "labels": {},
                    "provisioned_iops": 0,
                    "provisioned_throughput": 0,
                    "resource_manager_tags": null,
                    "size": 10,
                    "type": "pd-standard"
                  }
                ],
                "kms_key_self_link": "",
                "mode": "READ_WRITE",
                "source": "https://www.googleapis.com/compute/v1/projects/alfred-rc1-a2df/zones/us-central1-c/disks/t-prometheusl7-ilb-test-vm"
              }
            ],
            "can_ip_forward": false,
            "confidential_instance_config": [],
            "cpu_platform": "Intel Broadwell",
            "current_status": "RUNNING",
            "deletion_protection": false,
            "description": "",
            "desired_status": null,
            "effective_labels": {},
            "enable_display": false,
            "guest_accelerator": [],
            "hostname": "",
            "id": "projects/alfred-rc1-a2df/zones/us-central1-c/instances/t-prometheusl7-ilb-test-vm",
            "instance_id": "237956824977340984",
            "label_fingerprint": "42WmSpB8rSM=",
            "labels": null,
            "machine_type": "e2-small",
            "metadata": null,
            "metadata_fingerprint": "qZuD4I4G5wo=",
            "metadata_startup_script": null,
            "min_cpu_platform": "",
            "name": "t-prometheusl7-ilb-test-vm",
            "network_interface": [
              {
                "access_config": [],
                "alias_ip_range": [],
                "internal_ipv6_prefix_length": 0,
                "ipv6_access_config": [],
                "ipv6_access_type": "",
                "ipv6_address": "",
                "name": "nic0",
                "network": "https://www.googleapis.com/compute/v1/projects/alfred-rc1-a2df/global/networks/t-prometheusl7-ilb-network",
                "network_ip": "10.0.1.2",
                "nic_type": "",
                "queue_count": 0,
                "stack_type": "IPV4_ONLY",
                "subnetwork": "https://www.googleapis.com/compute/v1/projects/alfred-rc1-a2df/regions/us-central1/subnetworks/t-prometheusl7-ilb-subnet",
                "subnetwork_project": "alfred-rc1-a2df"
              }
            ],
            "network_performance_config": [],
            "params": [],
            "project": "alfred-rc1-a2df",
            "reservation_affinity": [],
            "resource_policies": null,
            "scheduling": [
              {
                "automatic_restart": true,
                "instance_termination_action": "",
                "local_ssd_recovery_timeout": [],
                "min_node_cpus": 0,
                "node_affinities": [],
                "on_host_maintenance": "MIGRATE",
                "preemptible": false,
                "provisioning_model": "STANDARD"
              }
            ],
            "scratch_disk": [],
            "self_link": "https://www.googleapis.com/compute/v1/projects/alfred-rc1-a2df/zones/us-central1-c/instances/t-prometheusl7-ilb-test-vm",
            "service_account": [],
            "shielded_instance_config": [
              {
                "enable_integrity_monitoring": true,
                "enable_secure_boot": false,
                "enable_vtpm": true
              }
            ],
            "tags": null,
            "tags_fingerprint": "42WmSpB8rSM=",
            "terraform_labels": {},
            "timeouts": null,
            "zone": "us-central1-c"
          },
          "sensitive_attributes": [],
          "private": "eyJlMmJmYjczMC1lY2FhLTExZTYtOGY4OC0zNDM2M2JjN2M0YzAiOnsiY3JlYXRlIjoxMjAwMDAwMDAwMDAwLCJkZWxldGUiOjEyMDAwMDAwMDAwMDAsInVwZGF0ZSI6MTIwMDAwMDAwMDAwMH0sInNjaGVtYV92ZXJzaW9uIjoiNiJ9",
          "dependencies": [
            "module.base.google_compute_network.ilb_network",
            "module.base.google_compute_subnetwork.ilb_subnet"
          ]
        }
      ]
    },
    {
      "module": "module.base[2]",
      "mode": "managed",
      "type": "google_compute_instance_template",
      "name": "instance_template",
      "provider": "provider[\"registry.terraform.io/hashicorp/google\"].google101",
      "instances": [
        {
          "schema_version": 1,
          "attributes": {
            "advanced_machine_features": [],
            "can_ip_forward": false,
            "confidential_instance_config": null,
            "description": "",
            "disk": [
              {
                "auto_delete": true,
                "boot": true,
                "device_name": "persistent-disk-0",
                "disk_encryption_key": [],
                "disk_name": "",
                "disk_size_gb": 0,
                "disk_type": "pd-standard",
                "interface": "SCSI",
                "labels": null,
                "mode": "READ_WRITE",
                "provisioned_iops": 0,
                "resource_manager_tags": null,
                "resource_policies": null,
                "source": "",
                "source_image": "projects/debian-cloud/global/images/family/debian-10",
                "source_image_encryption_key": [],
                "source_snapshot": "",
                "source_snapshot_encryption_key": [],
                "type": "PERSISTENT"
              }
            ],
            "effective_labels": {},
            "guest_accelerator": [],
            "id": "projects/alfred-rc1-a2df/global/instanceTemplates/t-prometheusl7-ilb-mig-template",
            "instance_description": "",
            "labels": null,
            "machine_type": "e2-small",
            "metadata": null,
            "metadata_fingerprint": "qZuD4I4G5wo=",
            "metadata_startup_script": null,
            "min_cpu_platform": "",
            "name": "t-prometheusl7-ilb-mig-template",
            "name_prefix": null,
            "network_interface": [
              {
                "access_config": [
                  {
                    "nat_ip": "",
                    "network_tier": "PREMIUM",
                    "public_ptr_domain_name": ""
                  }
                ],
                "alias_ip_range": [],
                "internal_ipv6_prefix_length": 0,
                "ipv6_access_config": [],
                "ipv6_access_type": "",
                "ipv6_address": "",
                "name": "nic0",
                "network": "https://www.googleapis.com/compute/v1/projects/alfred-rc1-a2df/global/networks/t-prometheusl7-ilb-network",
                "network_ip": "",
                "nic_type": "",
                "queue_count": 0,
                "stack_type": "",
                "subnetwork": "https://www.googleapis.com/compute/v1/projects/alfred-rc1-a2df/regions/us-central1/subnetworks/t-prometheusl7-ilb-subnet",
                "subnetwork_project": "alfred-rc1-a2df"
              }
            ],
            "network_performance_config": [],
            "project": "alfred-rc1-a2df",
            "region": "us-central1",
            "reservation_affinity": [],
            "resource_manager_tags": null,
            "resource_policies": null,
            "scheduling": [
              {
                "automatic_restart": true,
                "instance_termination_action": "",
                "local_ssd_recovery_timeout": [],
                "min_node_cpus": 0,
                "node_affinities": [],
                "on_host_maintenance": "MIGRATE",
                "preemptible": false,
                "provisioning_model": "STANDARD"
              }
            ],
            "self_link": "https://www.googleapis.com/compute/v1/projects/alfred-rc1-a2df/global/instanceTemplates/t-prometheusl7-ilb-mig-template",
            "self_link_unique": "https://www.googleapis.com/compute/v1/projects/alfred-rc1-a2df/global/instanceTemplates/t-prometheusl7-ilb-mig-template?uniqueId=4706499932845472315",
            "service_account": [],
            "shielded_instance_config": [],
            "tags": [
              "http-server"
            ],
            "tags_fingerprint": "",
            "terraform_labels": {},
            "timeouts": null
          },
          "sensitive_attributes": [],
          "private": "eyJlMmJmYjczMC1lY2FhLTExZTYtOGY4OC0zNDM2M2JjN2M0YzAiOnsiY3JlYXRlIjoyNDAwMDAwMDAwMDAsImRlbGV0ZSI6MjQwMDAwMDAwMDAwfSwic2NoZW1hX3ZlcnNpb24iOiIxIn0=",
          "dependencies": [
            "module.base.google_compute_network.ilb_network",
            "module.base.google_compute_subnetwork.ilb_subnet"
          ]
        }
      ]
    },
    {
      "module": "module.base[2]",
      "mode": "managed",
      "type": "google_compute_network",
      "name": "ilb_network",
      "provider": "provider[\"registry.terraform.io/hashicorp/google\"].google101",
      "instances": [
        {
          "schema_version": 0,
          "attributes": {
            "auto_create_subnetworks": false,
            "delete_default_routes_on_create": false,
            "description": "",
            "enable_ula_internal_ipv6": false,
            "gateway_ipv4": "",
            "id": "projects/alfred-rc1-a2df/global/networks/t-prometheusl7-ilb-network",
            "internal_ipv6_range": "",
            "mtu": 0,
            "name": "t-prometheusl7-ilb-network",
            "network_firewall_policy_enforcement_order": "AFTER_CLASSIC_FIREWALL",
            "numeric_id": "8977701864831679043",
            "project": "alfred-rc1-a2df",
            "routing_mode": "REGIONAL",
            "self_link": "https://www.googleapis.com/compute/v1/projects/alfred-rc1-a2df/global/networks/t-prometheusl7-ilb-network",
            "timeouts": null
          },
          "sensitive_attributes": [],
          "private": "eyJlMmJmYjczMC1lY2FhLTExZTYtOGY4OC0zNDM2M2JjN2M0YzAiOnsiY3JlYXRlIjoxMjAwMDAwMDAwMDAwLCJkZWxldGUiOjEyMDAwMDAwMDAwMDAsInVwZGF0ZSI6MTIwMDAwMDAwMDAwMH19"
        }
      ]
    },
    {
      "module": "module.base[2]",
      "mode": "managed",
      "type": "google_compute_region_backend_service",
      "name": "default",
      "provider": "provider[\"registry.terraform.io/hashicorp/google\"].google101",
      "instances": [
        {
          "schema_version": 1,
          "attributes": {
            "affinity_cookie_ttl_sec": 0,
            "backend": [
              {
                "balancing_mode": "UTILIZATION",
                "capacity_scaler": 1,
                "description": "",
                "failover": false,
                "group": "https://www.googleapis.com/compute/v1/projects/alfred-rc1-a2df/regions/us-central1/instanceGroups/t-prometheusl7-ilb-mig1",
                "max_connections": 0,
                "max_connections_per_endpoint": 0,
                "max_connections_per_instance": 0,
                "max_rate": 0,
                "max_rate_per_endpoint": 0,
                "max_rate_per_instance": 0,
                "max_utilization": 0
              }
            ],
            "cdn_policy": [],
            "circuit_breakers": [],
            "connection_draining_timeout_sec": 0,
            "consistent_hash": [],
            "creation_timestamp": "2024-04-01T07:30:22.929-07:00",
            "description": "",
            "enable_cdn": false,
            "failover_policy": [],
            "fingerprint": "ZL5tdeDa2Tk=",
            "health_checks": [
              "projects/alfred-rc1-a2df/regions/us-central1/healthChecks/t-prometheusl7-ilb-hc"
            ],
            "iap": [],
            "id": "projects/alfred-rc1-a2df/regions/us-central1/backendServices/t-prometheusl7-ilb-backend-subnet",
            "load_balancing_scheme": "INTERNAL_MANAGED",
            "locality_lb_policy": "",
            "log_config": [],
            "name": "t-prometheusl7-ilb-backend-subnet",
            "network": "",
            "outlier_detection": [],
            "port_name": "http",
            "project": "alfred-rc1-a2df",
            "protocol": "HTTP",
            "region": "us-central1",
            "self_link": "https://www.googleapis.com/compute/v1/projects/alfred-rc1-a2df/regions/us-central1/backendServices/t-prometheusl7-ilb-backend-subnet",
            "session_affinity": "NONE",
            "timeout_sec": 10,
            "timeouts": null
          },
          "sensitive_attributes": [],
          "private": "eyJlMmJmYjczMC1lY2FhLTExZTYtOGY4OC0zNDM2M2JjN2M0YzAiOnsiY3JlYXRlIjoxMjAwMDAwMDAwMDAwLCJkZWxldGUiOjEyMDAwMDAwMDAwMDAsInVwZGF0ZSI6MTIwMDAwMDAwMDAwMH0sInNjaGVtYV92ZXJzaW9uIjoiMSJ9",
          "dependencies": [
            "module.base.google_compute_instance_template.instance_template",
            "module.base.google_compute_network.ilb_network",
            "module.base.google_compute_region_health_check.default",
            "module.base.google_compute_region_instance_group_manager.mig",
            "module.base.google_compute_subnetwork.ilb_subnet"
          ]
        }
      ]
    },
    {
      "module": "module.base[2]",
      "mode": "managed",
      "type": "google_compute_region_health_check",
      "name": "default",
      "provider": "provider[\"registry.terraform.io/hashicorp/google\"].google101",
      "instances": [
        {
          "schema_version": 0,
          "attributes": {
            "check_interval_sec": 5,
            "creation_timestamp": "2024-04-01T07:29:01.369-07:00",
            "description": "",
            "grpc_health_check": [],
            "healthy_threshold": 2,
            "http2_health_check": [],
            "http_health_check": [
              {
                "host": "",
                "port": 0,
                "port_name": "",
                "port_specification": "USE_SERVING_PORT",
                "proxy_header": "NONE",
                "request_path": "/",
                "response": ""
              }
            ],
            "https_health_check": [],
            "id": "projects/alfred-rc1-a2df/regions/us-central1/healthChecks/t-prometheusl7-ilb-hc",
            "log_config": [
              {
                "enable": false
              }
            ],
            "name": "t-prometheusl7-ilb-hc",
            "project": "alfred-rc1-a2df",
            "region": "us-central1",
            "self_link": "https://www.googleapis.com/compute/v1/projects/alfred-rc1-a2df/regions/us-central1/healthChecks/t-prometheusl7-ilb-hc",
            "ssl_health_check": [],
            "tcp_health_check": [],
            "timeout_sec": 5,
            "timeouts": null,
            "type": "HTTP",
            "unhealthy_threshold": 2
          },
          "sensitive_attributes": [],
          "private": "eyJlMmJmYjczMC1lY2FhLTExZTYtOGY4OC0zNDM2M2JjN2M0YzAiOnsiY3JlYXRlIjoxMjAwMDAwMDAwMDAwLCJkZWxldGUiOjEyMDAwMDAwMDAwMDAsInVwZGF0ZSI6MTIwMDAwMDAwMDAwMH19"
        }
      ]
    },
    {
      "module": "module.base[2]",
      "mode": "managed",
      "type": "google_compute_region_instance_group_manager",
      "name": "mig",
      "provider": "provider[\"registry.terraform.io/hashicorp/google\"].google101",
      "instances": [
        {
          "schema_version": 0,
          "attributes": {
            "all_instances_config": [],
            "auto_healing_policies": [],
            "base_instance_name": "vm",
            "creation_timestamp": "2024-04-01T07:29:56.699-07:00",
            "description": "",
            "distribution_policy_target_shape": "EVEN",
            "distribution_policy_zones": [
              "us-central1-b",
              "us-central1-c",
              "us-central1-f"
            ],
            "fingerprint": "AfBx4Kx636Y=",
            "id": "projects/alfred-rc1-a2df/regions/us-central1/instanceGroupManagers/t-prometheusl7-ilb-mig1",
            "instance_group": "https://www.googleapis.com/compute/v1/projects/alfred-rc1-a2df/regions/us-central1/instanceGroups/t-prometheusl7-ilb-mig1",
            "instance_lifecycle_policy": [
              {
                "default_action_on_failure": "REPAIR",
                "force_update_on_repair": "NO"
              }
            ],
            "list_managed_instances_results": "PAGELESS",
            "name": "t-prometheusl7-ilb-mig1",
            "named_port": [],
            "project": "alfred-rc1-a2df",
            "region": "us-central1",
            "self_link": "https://www.googleapis.com/compute/v1/projects/alfred-rc1-a2df/regions/us-central1/instanceGroupManagers/t-prometheusl7-ilb-mig1",
            "stateful_disk": [],
            "stateful_external_ip": [],
            "stateful_internal_ip": [],
            "status": [
              {
                "all_instances_config": [
                  {
                    "current_revision": "",
                    "effective": true
                  }
                ],
                "is_stable": false,
                "stateful": [
                  {
                    "has_stateful_config": false,
                    "per_instance_configs": [
                      {
                        "all_effective": true
                      }
                    ]
                  }
                ],
                "version_target": [
                  {
                    "is_reached": true
                  }
                ]
              }
            ],
            "target_pools": null,
            "target_size": 2,
            "timeouts": null,
            "update_policy": [
              {
                "instance_redistribution_type": "PROACTIVE",
                "max_surge_fixed": 3,
                "max_surge_percent": 0,
                "max_unavailable_fixed": 3,
                "max_unavailable_percent": 0,
                "minimal_action": "REPLACE",
                "most_disruptive_allowed_action": "",
                "replacement_method": "SUBSTITUTE",
                "type": "OPPORTUNISTIC"
              }
            ],
            "version": [
              {
                "instance_template": "https://www.googleapis.com/compute/v1/projects/alfred-rc1-a2df/global/instanceTemplates/t-prometheusl7-ilb-mig-template",
                "name": "primary",
                "target_size": []
              }
            ],
            "wait_for_instances": false,
            "wait_for_instances_status": "STABLE"
          },
          "sensitive_attributes": [],
          "private": "eyJlMmJmYjczMC1lY2FhLTExZTYtOGY4OC0zNDM2M2JjN2M0YzAiOnsiY3JlYXRlIjo5MDAwMDAwMDAwMDAsImRlbGV0ZSI6OTAwMDAwMDAwMDAwLCJ1cGRhdGUiOjkwMDAwMDAwMDAwMH19",
          "dependencies": [
            "module.base.google_compute_instance_template.instance_template",
            "module.base.google_compute_network.ilb_network",
            "module.base.google_compute_subnetwork.ilb_subnet"
          ]
        }
      ]
    },
    {
      "module": "module.base[2]",
      "mode": "managed",
      "type": "google_compute_region_target_http_proxy",
      "name": "default",
      "provider": "provider[\"registry.terraform.io/hashicorp/google\"].google101",
      "instances": [
        {
          "schema_version": 0,
          "attributes": {
            "creation_timestamp": "2024-04-01T07:32:54.808-07:00",
            "description": "",
            "id": "projects/alfred-rc1-a2df/regions/us-central1/targetHttpProxies/t-prometheusl7-ilb-target-http-proxy",
            "name": "t-prometheusl7-ilb-target-http-proxy",
            "project": "alfred-rc1-a2df",
            "proxy_id": 2319008525887961977,
            "region": "us-central1",
            "self_link": "https://www.googleapis.com/compute/v1/projects/alfred-rc1-a2df/regions/us-central1/targetHttpProxies/t-prometheusl7-ilb-target-http-proxy",
            "timeouts": null,
            "url_map": "https://www.googleapis.com/compute/v1/projects/alfred-rc1-a2df/regions/us-central1/urlMaps/t-prometheusl7-ilb-regional-url-map"
          },
          "sensitive_attributes": [],
          "private": "eyJlMmJmYjczMC1lY2FhLTExZTYtOGY4OC0zNDM2M2JjN2M0YzAiOnsiY3JlYXRlIjoxMjAwMDAwMDAwMDAwLCJkZWxldGUiOjEyMDAwMDAwMDAwMDAsInVwZGF0ZSI6MTIwMDAwMDAwMDAwMH19",
          "dependencies": [
            "module.base.google_compute_instance_template.instance_template",
            "module.base.google_compute_network.ilb_network",
            "module.base.google_compute_region_backend_service.default",
            "module.base.google_compute_region_health_check.default",
            "module.base.google_compute_region_instance_group_manager.mig",
            "module.base.google_compute_region_url_map.default",
            "module.base.google_compute_subnetwork.ilb_subnet"
          ]
        }
      ]
    },
    {
      "module": "module.base[2]",
      "mode": "managed",
      "type": "google_compute_region_url_map",
      "name": "default",
      "provider": "provider[\"registry.terraform.io/hashicorp/google\"].google101",
      "instances": [
        {
          "schema_version": 0,
          "attributes": {
            "creation_timestamp": "2024-04-01T07:32:39.619-07:00",
            "default_route_action": [],
            "default_service": "https://www.googleapis.com/compute/v1/projects/alfred-rc1-a2df/regions/us-central1/backendServices/t-prometheusl7-ilb-backend-subnet",
            "default_url_redirect": [],
            "description": "",
            "fingerprint": "LYYkU06Jxa4=",
            "host_rule": [],
            "id": "projects/alfred-rc1-a2df/regions/us-central1/urlMaps/t-prometheusl7-ilb-regional-url-map",
            "map_id": 5484803704016567144,
            "name": "t-prometheusl7-ilb-regional-url-map",
            "path_matcher": [],
            "project": "alfred-rc1-a2df",
            "region": "us-central1",
            "self_link": "https://www.googleapis.com/compute/v1/projects/alfred-rc1-a2df/regions/us-central1/urlMaps/t-prometheusl7-ilb-regional-url-map",
            "test": [],
            "timeouts": null
          },
          "sensitive_attributes": [],
          "private": "eyJlMmJmYjczMC1lY2FhLTExZTYtOGY4OC0zNDM2M2JjN2M0YzAiOnsiY3JlYXRlIjoxMjAwMDAwMDAwMDAwLCJkZWxldGUiOjEyMDAwMDAwMDAwMDAsInVwZGF0ZSI6MTIwMDAwMDAwMDAwMH19",
          "dependencies": [
            "module.base.google_compute_instance_template.instance_template",
            "module.base.google_compute_network.ilb_network",
            "module.base.google_compute_region_backend_service.default",
            "module.base.google_compute_region_health_check.default",
            "module.base.google_compute_region_instance_group_manager.mig",
            "module.base.google_compute_subnetwork.ilb_subnet"
          ]
        }
      ]
    },
    {
      "module": "module.base[2]",
      "mode": "managed",
      "type": "google_compute_subnetwork",
      "name": "ilb_subnet",
      "provider": "provider[\"registry.terraform.io/hashicorp/google\"].google101",
      "instances": [
        {
          "schema_version": 0,
          "attributes": {
            "creation_timestamp": "2024-04-01T07:29:23.802-07:00",
            "description": "",
            "external_ipv6_prefix": "",
            "fingerprint": null,
            "gateway_address": "10.0.1.1",
            "id": "projects/alfred-rc1-a2df/regions/us-central1/subnetworks/t-prometheusl7-ilb-subnet",
            "internal_ipv6_prefix": "",
            "ip_cidr_range": "10.0.1.0/24",
            "ipv6_access_type": "",
            "ipv6_cidr_range": "",
            "log_config": [],
            "name": "t-prometheusl7-ilb-subnet",
            "network": "https://www.googleapis.com/compute/v1/projects/alfred-rc1-a2df/global/networks/t-prometheusl7-ilb-network",
            "private_ip_google_access": false,
            "private_ipv6_google_access": "DISABLE_GOOGLE_ACCESS",
            "project": "alfred-rc1-a2df",
            "purpose": "PRIVATE",
            "region": "us-central1",
            "role": "",
            "secondary_ip_range": [],
            "self_link": "https://www.googleapis.com/compute/v1/projects/alfred-rc1-a2df/regions/us-central1/subnetworks/t-prometheusl7-ilb-subnet",
            "stack_type": "IPV4_ONLY",
            "timeouts": null
          },
          "sensitive_attributes": [],
          "private": "eyJlMmJmYjczMC1lY2FhLTExZTYtOGY4OC0zNDM2M2JjN2M0YzAiOnsiY3JlYXRlIjoxMjAwMDAwMDAwMDAwLCJkZWxldGUiOjEyMDAwMDAwMDAwMDAsInVwZGF0ZSI6MTIwMDAwMDAwMDAwMH19",
          "dependencies": [
            "module.base.google_compute_network.ilb_network"
          ]
        }
      ]
    },
    {
      "module": "module.base[2]",
      "mode": "managed",
      "type": "google_compute_subnetwork",
      "name": "proxy_subnet",
      "provider": "provider[\"registry.terraform.io/hashicorp/google\"].google101",
      "instances": [
        {
          "schema_version": 0,
          "attributes": {
            "creation_timestamp": "2024-04-01T07:29:24.627-07:00",
            "description": "",
            "external_ipv6_prefix": "",
            "fingerprint": null,
            "gateway_address": "10.0.0.1",
            "id": "projects/alfred-rc1-a2df/regions/us-central1/subnetworks/t-prometheusl7-ilb-proxy-subnet",
            "internal_ipv6_prefix": "",
            "ip_cidr_range": "10.0.0.0/24",
            "ipv6_access_type": "",
            "ipv6_cidr_range": "",
            "log_config": [],
            "name": "t-prometheusl7-ilb-proxy-subnet",
            "network": "https://www.googleapis.com/compute/v1/projects/alfred-rc1-a2df/global/networks/t-prometheusl7-ilb-network",
            "private_ip_google_access": false,
            "private_ipv6_google_access": "DISABLE_GOOGLE_ACCESS",
            "project": "alfred-rc1-a2df",
            "purpose": "REGIONAL_MANAGED_PROXY",
            "region": "us-central1",
            "role": "ACTIVE",
            "secondary_ip_range": [],
            "self_link": "https://www.googleapis.com/compute/v1/projects/alfred-rc1-a2df/regions/us-central1/subnetworks/t-prometheusl7-ilb-proxy-subnet",
            "stack_type": "",
            "timeouts": null
          },
          "sensitive_attributes": [],
          "private": "eyJlMmJmYjczMC1lY2FhLTExZTYtOGY4OC0zNDM2M2JjN2M0YzAiOnsiY3JlYXRlIjoxMjAwMDAwMDAwMDAwLCJkZWxldGUiOjEyMDAwMDAwMDAwMDAsInVwZGF0ZSI6MTIwMDAwMDAwMDAwMH19",
          "dependencies": [
            "module.base.google_compute_network.ilb_network"
          ]
        }
      ]
    }
  ],
  "check_results": null
}
